
Microsoft Visual Studio Solution File, Format Version 12.00
# Visual Studio Version 17
VisualStudioVersion = 17.7.34024.191
MinimumVisualStudioVersion = 10.0.40219.1
Project("{8BC9CEB8-8B4A-11D0-8D11-00A0C91BC942}") = "1348++", "C++_PY\C++_PY.vcxproj", "{8FBF8C5A-B5DB-496E-A397-D43FA4238315}"
EndProject
Project("{8BC9CEB8-8B4A-11D0-8D11-00A0C91BC942}") = "1138++", "1138++\1138++.vcxproj", "{244B2E78-B08E-41DF-994C-0E48F24A19E8}"
EndProject
Project("{8BC9CEB8-8B4A-11D0-8D11-00A0C91BC942}") = "1593++", "1593++\1593++.vcxproj", "{E08A3846-F076-452C-AA3D-8C694272BBB9}"
EndProject
Project("{FAE04EC0-301F-11D3-BF4B-00C04F79EFBC}") = "1593#", "1593#\1593#.csproj", "{F0A56FBB-8646-4024-A718-A4DFB67FE93B}"
EndProject
Project("{8BC9CEB8-8B4A-11D0-8D11-00A0C91BC942}") = "2153++", "2153++\2153++.vcxproj", "{A43EF6A3-AC58-4BD3-ADB7-F97EA11D7D5F}"
EndProject
Project("{FAE04EC0-301F-11D3-BF4B-00C04F79EFBC}") = "1138#", "1138#\1138#.csproj", "{4C50BC3B-FECB-407B-B436-285BDEE09383}"
EndProject
Project("{FAE04EC0-301F-11D3-BF4B-00C04F79EFBC}") = "2048#", "2048#\2048#.csproj", "{B17F7CB0-F3B1-4468-88D1-058282BDD990}"
EndProject
Project("{8BC9CEB8-8B4A-11D0-8D11-00A0C91BC942}") = "1628++", "1628++\1628++.vcxproj", "{7D6BF666-9E8D-4A87-97D7-82449012917F}"
EndProject
Project("{8BC9CEB8-8B4A-11D0-8D11-00A0C91BC942}") = "1208++", "1208++\1208++.vcxproj", "{066CAE9C-674A-4DE1-BADC-032D7A1D30C7}"
EndProject
Project("{8BC9CEB8-8B4A-11D0-8D11-00A0C91BC942}") = "1523++", "1523++\1523++.vcxproj", "{42C506FB-E1A4-40DD-AF8A-69E523703C8E}"
EndProject
Project("{FAE04EC0-301F-11D3-BF4B-00C04F79EFBC}") = "1033#", "1033#\1033#.csproj", "{95DB79C7-EA3E-4DF7-B493-6BE9FBD5E5FD}"
EndProject
Project("{8BC9CEB8-8B4A-11D0-8D11-00A0C91BC942}") = "1033++", "1033++\1033++.vcxproj", "{03A1407D-44D7-441E-8833-629400C80550}"
EndProject
Project("{FAE04EC0-301F-11D3-BF4B-00C04F79EFBC}") = "1348#", "1348#\1348#.csproj", "{A3D2F8F0-BB53-42A4-B0F0-A7D7B6E7C70C}"
EndProject
Project("{FAE04EC0-301F-11D3-BF4B-00C04F79EFBC}") = "1628#", "1628#\1628#.csproj", "{0D85C8D7-B32A-49E8-AB5E-774FFB4D84FA}"
EndProject
Project("{8BC9CEB8-8B4A-11D0-8D11-00A0C91BC942}") = "1103++", "1103++\1103++.vcxproj", "{41C9E668-3E82-4271-A74E-2C42099F4FC5}"
EndProject
Project("{8BC9CEB8-8B4A-11D0-8D11-00A0C91BC942}") = "1698++", "1698++\1698++.vcxproj", "{9085078A-A5A0-4641-9209-C299FDCD1353}"
EndProject
Project("{FAE04EC0-301F-11D3-BF4B-00C04F79EFBC}") = "1698#", "1698#\1698#.csproj", "{EAB2A378-A6B1-4205-810D-8659EBF7F6C6}"
EndProject
Project("{8BC9CEB8-8B4A-11D0-8D11-00A0C91BC942}") = "1838++", "1838++\1838++.vcxproj", "{E29E39C1-B88C-42F3-BAE0-3B145AA84C5F}"
EndProject
Project("{8BC9CEB8-8B4A-11D0-8D11-00A0C91BC942}") = "1803++", "1803++\1803++.vcxproj", "{5DF575AA-DBBB-450C-891D-001EA896FDD9}"
EndProject
Project("{8BC9CEB8-8B4A-11D0-8D11-00A0C91BC942}") = "2048++", "2048++\2048++.vcxproj", "{B955510E-74E5-4DB4-9BAC-1CD7D0CBA90F}"
EndProject
Project("{FAE04EC0-301F-11D3-BF4B-00C04F79EFBC}") = "1208#", "1208#\1208#.csproj", "{D084CAAB-F29C-4EEA-A290-53A6325A5F5E}"
EndProject
Project("{8BC9CEB8-8B4A-11D0-8D11-00A0C91BC942}") = "1558++", "1558++\1558++.vcxproj", "{AC7E15B6-F84B-49FA-9025-4F4251140822}"
EndProject
Project("{FAE04EC0-301F-11D3-BF4B-00C04F79EFBC}") = "1838#", "1838#\1838#.csproj", "{6C14239A-A572-4A8B-9913-1FF135FBA5F7}"
EndProject
Project("{FAE04EC0-301F-11D3-BF4B-00C04F79EFBC}") = "1523#", "1523#\1523#.csproj", "{4557A5D6-6384-41CC-A10F-EBCF716A2FC1}"
EndProject
Project("{888888A0-9F3D-457C-B088-3A5042F75D52}") = "1558Py", "1558Py\1558Py.pyproj", "{03750196-B6F6-4AD8-B8A9-DC8EEEC66A16}"
EndProject
Project("{8BC9CEB8-8B4A-11D0-8D11-00A0C91BC942}") = "1278++", "1278++\1278++.vcxproj", "{D707A8C4-688D-44BA-ADB9-4FD6A69039F3}"
EndProject
Project("{888888A0-9F3D-457C-B088-3A5042F75D52}") = "2153Py", "2153Py\2153Py.pyproj", "{EB4C7281-A53A-4DBC-A547-729B518E52CA}"
EndProject
Global
	GlobalSection(SolutionConfigurationPlatforms) = preSolution
		Debug|Any CPU = Debug|Any CPU
		Debug|x64 = Debug|x64
		Debug|x86 = Debug|x86
		Release|Any CPU = Release|Any CPU
		Release|x64 = Release|x64
		Release|x86 = Release|x86
	EndGlobalSection
	GlobalSection(ProjectConfigurationPlatforms) = postSolution
		{8FBF8C5A-B5DB-496E-A397-D43FA4238315}.Debug|Any CPU.ActiveCfg = Debug|x64
		{8FBF8C5A-B5DB-496E-A397-D43FA4238315}.Debug|Any CPU.Build.0 = Debug|x64
		{8FBF8C5A-B5DB-496E-A397-D43FA4238315}.Debug|x64.ActiveCfg = Debug|x64
		{8FBF8C5A-B5DB-496E-A397-D43FA4238315}.Debug|x64.Build.0 = Debug|x64
		{8FBF8C5A-B5DB-496E-A397-D43FA4238315}.Debug|x86.ActiveCfg = Debug|Win32
		{8FBF8C5A-B5DB-496E-A397-D43FA4238315}.Debug|x86.Build.0 = Debug|Win32
		{8FBF8C5A-B5DB-496E-A397-D43FA4238315}.Release|Any CPU.ActiveCfg = Release|x64
		{8FBF8C5A-B5DB-496E-A397-D43FA4238315}.Release|Any CPU.Build.0 = Release|x64
		{8FBF8C5A-B5DB-496E-A397-D43FA4238315}.Release|x64.ActiveCfg = Release|x64
		{8FBF8C5A-B5DB-496E-A397-D43FA4238315}.Release|x64.Build.0 = Release|x64
		{8FBF8C5A-B5DB-496E-A397-D43FA4238315}.Release|x86.ActiveCfg = Release|Win32
		{8FBF8C5A-B5DB-496E-A397-D43FA4238315}.Release|x86.Build.0 = Release|Win32
		{244B2E78-B08E-41DF-994C-0E48F24A19E8}.Debug|Any CPU.ActiveCfg = Debug|x64
		{244B2E78-B08E-41DF-994C-0E48F24A19E8}.Debug|Any CPU.Build.0 = Debug|x64
		{244B2E78-B08E-41DF-994C-0E48F24A19E8}.Debug|x64.ActiveCfg = Debug|x64
		{244B2E78-B08E-41DF-994C-0E48F24A19E8}.Debug|x64.Build.0 = Debug|x64
		{244B2E78-B08E-41DF-994C-0E48F24A19E8}.Debug|x86.ActiveCfg = Debug|Win32
		{244B2E78-B08E-41DF-994C-0E48F24A19E8}.Debug|x86.Build.0 = Debug|Win32
		{244B2E78-B08E-41DF-994C-0E48F24A19E8}.Release|Any CPU.ActiveCfg = Release|x64
		{244B2E78-B08E-41DF-994C-0E48F24A19E8}.Release|Any CPU.Build.0 = Release|x64
		{244B2E78-B08E-41DF-994C-0E48F24A19E8}.Release|x64.ActiveCfg = Release|x64
		{244B2E78-B08E-41DF-994C-0E48F24A19E8}.Release|x64.Build.0 = Release|x64
		{244B2E78-B08E-41DF-994C-0E48F24A19E8}.Release|x86.ActiveCfg = Release|Win32
		{244B2E78-B08E-41DF-994C-0E48F24A19E8}.Release|x86.Build.0 = Release|Win32
		{E08A3846-F076-452C-AA3D-8C694272BBB9}.Debug|Any CPU.ActiveCfg = Debug|x64
		{E08A3846-F076-452C-AA3D-8C694272BBB9}.Debug|Any CPU.Build.0 = Debug|x64
		{E08A3846-F076-452C-AA3D-8C694272BBB9}.Debug|x64.ActiveCfg = Debug|x64
		{E08A3846-F076-452C-AA3D-8C694272BBB9}.Debug|x64.Build.0 = Debug|x64
		{E08A3846-F076-452C-AA3D-8C694272BBB9}.Debug|x86.ActiveCfg = Debug|Win32
		{E08A3846-F076-452C-AA3D-8C694272BBB9}.Debug|x86.Build.0 = Debug|Win32
		{E08A3846-F076-452C-AA3D-8C694272BBB9}.Release|Any CPU.ActiveCfg = Release|x64
		{E08A3846-F076-452C-AA3D-8C694272BBB9}.Release|Any CPU.Build.0 = Release|x64
		{E08A3846-F076-452C-AA3D-8C694272BBB9}.Release|x64.ActiveCfg = Release|x64
		{E08A3846-F076-452C-AA3D-8C694272BBB9}.Release|x64.Build.0 = Release|x64
		{E08A3846-F076-452C-AA3D-8C694272BBB9}.Release|x86.ActiveCfg = Release|Win32
		{E08A3846-F076-452C-AA3D-8C694272BBB9}.Release|x86.Build.0 = Release|Win32
		{F0A56FBB-8646-4024-A718-A4DFB67FE93B}.Debug|Any CPU.ActiveCfg = Debug|Any CPU
		{F0A56FBB-8646-4024-A718-A4DFB67FE93B}.Debug|Any CPU.Build.0 = Debug|Any CPU
		{F0A56FBB-8646-4024-A718-A4DFB67FE93B}.Debug|x64.ActiveCfg = Debug|Any CPU
		{F0A56FBB-8646-4024-A718-A4DFB67FE93B}.Debug|x64.Build.0 = Debug|Any CPU
		{F0A56FBB-8646-4024-A718-A4DFB67FE93B}.Debug|x86.ActiveCfg = Debug|Any CPU
		{F0A56FBB-8646-4024-A718-A4DFB67FE93B}.Debug|x86.Build.0 = Debug|Any CPU
		{F0A56FBB-8646-4024-A718-A4DFB67FE93B}.Release|Any CPU.ActiveCfg = Release|Any CPU
		{F0A56FBB-8646-4024-A718-A4DFB67FE93B}.Release|Any CPU.Build.0 = Release|Any CPU
		{F0A56FBB-8646-4024-A718-A4DFB67FE93B}.Release|x64.ActiveCfg = Release|Any CPU
		{F0A56FBB-8646-4024-A718-A4DFB67FE93B}.Release|x64.Build.0 = Release|Any CPU
		{F0A56FBB-8646-4024-A718-A4DFB67FE93B}.Release|x86.ActiveCfg = Release|Any CPU
		{F0A56FBB-8646-4024-A718-A4DFB67FE93B}.Release|x86.Build.0 = Release|Any CPU
		{A43EF6A3-AC58-4BD3-ADB7-F97EA11D7D5F}.Debug|Any CPU.ActiveCfg = Debug|x64
		{A43EF6A3-AC58-4BD3-ADB7-F97EA11D7D5F}.Debug|Any CPU.Build.0 = Debug|x64
		{A43EF6A3-AC58-4BD3-ADB7-F97EA11D7D5F}.Debug|x64.ActiveCfg = Debug|x64
		{A43EF6A3-AC58-4BD3-ADB7-F97EA11D7D5F}.Debug|x64.Build.0 = Debug|x64
		{A43EF6A3-AC58-4BD3-ADB7-F97EA11D7D5F}.Debug|x86.ActiveCfg = Debug|Win32
		{A43EF6A3-AC58-4BD3-ADB7-F97EA11D7D5F}.Debug|x86.Build.0 = Debug|Win32
		{A43EF6A3-AC58-4BD3-ADB7-F97EA11D7D5F}.Release|Any CPU.ActiveCfg = Release|x64
		{A43EF6A3-AC58-4BD3-ADB7-F97EA11D7D5F}.Release|Any CPU.Build.0 = Release|x64
		{A43EF6A3-AC58-4BD3-ADB7-F97EA11D7D5F}.Release|x64.ActiveCfg = Release|x64
		{A43EF6A3-AC58-4BD3-ADB7-F97EA11D7D5F}.Release|x64.Build.0 = Release|x64
		{A43EF6A3-AC58-4BD3-ADB7-F97EA11D7D5F}.Release|x86.ActiveCfg = Release|Win32
		{A43EF6A3-AC58-4BD3-ADB7-F97EA11D7D5F}.Release|x86.Build.0 = Release|Win32
		{4C50BC3B-FECB-407B-B436-285BDEE09383}.Debug|Any CPU.ActiveCfg = Debug|Any CPU
		{4C50BC3B-FECB-407B-B436-285BDEE09383}.Debug|Any CPU.Build.0 = Debug|Any CPU
		{4C50BC3B-FECB-407B-B436-285BDEE09383}.Debug|x64.ActiveCfg = Debug|Any CPU
		{4C50BC3B-FECB-407B-B436-285BDEE09383}.Debug|x64.Build.0 = Debug|Any CPU
		{4C50BC3B-FECB-407B-B436-285BDEE09383}.Debug|x86.ActiveCfg = Debug|Any CPU
		{4C50BC3B-FECB-407B-B436-285BDEE09383}.Debug|x86.Build.0 = Debug|Any CPU
		{4C50BC3B-FECB-407B-B436-285BDEE09383}.Release|Any CPU.ActiveCfg = Release|Any CPU
		{4C50BC3B-FECB-407B-B436-285BDEE09383}.Release|Any CPU.Build.0 = Release|Any CPU
		{4C50BC3B-FECB-407B-B436-285BDEE09383}.Release|x64.ActiveCfg = Release|Any CPU
		{4C50BC3B-FECB-407B-B436-285BDEE09383}.Release|x64.Build.0 = Release|Any CPU
		{4C50BC3B-FECB-407B-B436-285BDEE09383}.Release|x86.ActiveCfg = Release|Any CPU
		{4C50BC3B-FECB-407B-B436-285BDEE09383}.Release|x86.Build.0 = Release|Any CPU
		{B17F7CB0-F3B1-4468-88D1-058282BDD990}.Debug|Any CPU.ActiveCfg = Debug|Any CPU
		{B17F7CB0-F3B1-4468-88D1-058282BDD990}.Debug|Any CPU.Build.0 = Debug|Any CPU
		{B17F7CB0-F3B1-4468-88D1-058282BDD990}.Debug|x64.ActiveCfg = Debug|Any CPU
		{B17F7CB0-F3B1-4468-88D1-058282BDD990}.Debug|x64.Build.0 = Debug|Any CPU
		{B17F7CB0-F3B1-4468-88D1-058282BDD990}.Debug|x86.ActiveCfg = Debug|Any CPU
		{B17F7CB0-F3B1-4468-88D1-058282BDD990}.Debug|x86.Build.0 = Debug|Any CPU
		{B17F7CB0-F3B1-4468-88D1-058282BDD990}.Release|Any CPU.ActiveCfg = Release|Any CPU
		{B17F7CB0-F3B1-4468-88D1-058282BDD990}.Release|Any CPU.Build.0 = Release|Any CPU
		{B17F7CB0-F3B1-4468-88D1-058282BDD990}.Release|x64.ActiveCfg = Release|Any CPU
		{B17F7CB0-F3B1-4468-88D1-058282BDD990}.Release|x64.Build.0 = Release|Any CPU
		{B17F7CB0-F3B1-4468-88D1-058282BDD990}.Release|x86.ActiveCfg = Release|Any CPU
		{B17F7CB0-F3B1-4468-88D1-058282BDD990}.Release|x86.Build.0 = Release|Any CPU
		{7D6BF666-9E8D-4A87-97D7-82449012917F}.Debug|Any CPU.ActiveCfg = Debug|x64
		{7D6BF666-9E8D-4A87-97D7-82449012917F}.Debug|Any CPU.Build.0 = Debug|x64
		{7D6BF666-9E8D-4A87-97D7-82449012917F}.Debug|x64.ActiveCfg = Debug|x64
		{7D6BF666-9E8D-4A87-97D7-82449012917F}.Debug|x64.Build.0 = Debug|x64
		{7D6BF666-9E8D-4A87-97D7-82449012917F}.Debug|x86.ActiveCfg = Debug|Win32
		{7D6BF666-9E8D-4A87-97D7-82449012917F}.Debug|x86.Build.0 = Debug|Win32
		{7D6BF666-9E8D-4A87-97D7-82449012917F}.Release|Any CPU.ActiveCfg = Release|x64
		{7D6BF666-9E8D-4A87-97D7-82449012917F}.Release|Any CPU.Build.0 = Release|x64
		{7D6BF666-9E8D-4A87-97D7-82449012917F}.Release|x64.ActiveCfg = Release|x64
		{7D6BF666-9E8D-4A87-97D7-82449012917F}.Release|x64.Build.0 = Release|x64
		{7D6BF666-9E8D-4A87-97D7-82449012917F}.Release|x86.ActiveCfg = Release|Win32
		{7D6BF666-9E8D-4A87-97D7-82449012917F}.Release|x86.Build.0 = Release|Win32
		{066CAE9C-674A-4DE1-BADC-032D7A1D30C7}.Debug|Any CPU.ActiveCfg = Debug|x64
		{066CAE9C-674A-4DE1-BADC-032D7A1D30C7}.Debug|Any CPU.Build.0 = Debug|x64
		{066CAE9C-674A-4DE1-BADC-032D7A1D30C7}.Debug|x64.ActiveCfg = Debug|x64
		{066CAE9C-674A-4DE1-BADC-032D7A1D30C7}.Debug|x64.Build.0 = Debug|x64
		{066CAE9C-674A-4DE1-BADC-032D7A1D30C7}.Debug|x86.ActiveCfg = Debug|Win32
		{066CAE9C-674A-4DE1-BADC-032D7A1D30C7}.Debug|x86.Build.0 = Debug|Win32
		{066CAE9C-674A-4DE1-BADC-032D7A1D30C7}.Release|Any CPU.ActiveCfg = Release|x64
		{066CAE9C-674A-4DE1-BADC-032D7A1D30C7}.Release|Any CPU.Build.0 = Release|x64
		{066CAE9C-674A-4DE1-BADC-032D7A1D30C7}.Release|x64.ActiveCfg = Release|x64
		{066CAE9C-674A-4DE1-BADC-032D7A1D30C7}.Release|x64.Build.0 = Release|x64
		{066CAE9C-674A-4DE1-BADC-032D7A1D30C7}.Release|x86.ActiveCfg = Release|Win32
		{066CAE9C-674A-4DE1-BADC-032D7A1D30C7}.Release|x86.Build.0 = Release|Win32
		{42C506FB-E1A4-40DD-AF8A-69E523703C8E}.Debug|Any CPU.ActiveCfg = Debug|x64
		{42C506FB-E1A4-40DD-AF8A-69E523703C8E}.Debug|Any CPU.Build.0 = Debug|x64
		{42C506FB-E1A4-40DD-AF8A-69E523703C8E}.Debug|x64.ActiveCfg = Debug|x64
		{42C506FB-E1A4-40DD-AF8A-69E523703C8E}.Debug|x64.Build.0 = Debug|x64
		{42C506FB-E1A4-40DD-AF8A-69E523703C8E}.Debug|x86.ActiveCfg = Debug|Win32
		{42C506FB-E1A4-40DD-AF8A-69E523703C8E}.Debug|x86.Build.0 = Debug|Win32
		{42C506FB-E1A4-40DD-AF8A-69E523703C8E}.Release|Any CPU.ActiveCfg = Release|x64
		{42C506FB-E1A4-40DD-AF8A-69E523703C8E}.Release|Any CPU.Build.0 = Release|x64
		{42C506FB-E1A4-40DD-AF8A-69E523703C8E}.Release|x64.ActiveCfg = Release|x64
		{42C506FB-E1A4-40DD-AF8A-69E523703C8E}.Release|x64.Build.0 = Release|x64
		{42C506FB-E1A4-40DD-AF8A-69E523703C8E}.Release|x86.ActiveCfg = Release|Win32
		{42C506FB-E1A4-40DD-AF8A-69E523703C8E}.Release|x86.Build.0 = Release|Win32
		{95DB79C7-EA3E-4DF7-B493-6BE9FBD5E5FD}.Debug|Any CPU.ActiveCfg = Debug|Any CPU
		{95DB79C7-EA3E-4DF7-B493-6BE9FBD5E5FD}.Debug|Any CPU.Build.0 = Debug|Any CPU
		{95DB79C7-EA3E-4DF7-B493-6BE9FBD5E5FD}.Debug|x64.ActiveCfg = Debug|Any CPU
		{95DB79C7-EA3E-4DF7-B493-6BE9FBD5E5FD}.Debug|x64.Build.0 = Debug|Any CPU
		{95DB79C7-EA3E-4DF7-B493-6BE9FBD5E5FD}.Debug|x86.ActiveCfg = Debug|Any CPU
		{95DB79C7-EA3E-4DF7-B493-6BE9FBD5E5FD}.Debug|x86.Build.0 = Debug|Any CPU
		{95DB79C7-EA3E-4DF7-B493-6BE9FBD5E5FD}.Release|Any CPU.ActiveCfg = Release|Any CPU
		{95DB79C7-EA3E-4DF7-B493-6BE9FBD5E5FD}.Release|Any CPU.Build.0 = Release|Any CPU
		{95DB79C7-EA3E-4DF7-B493-6BE9FBD5E5FD}.Release|x64.ActiveCfg = Release|Any CPU
		{95DB79C7-EA3E-4DF7-B493-6BE9FBD5E5FD}.Release|x64.Build.0 = Release|Any CPU
		{95DB79C7-EA3E-4DF7-B493-6BE9FBD5E5FD}.Release|x86.ActiveCfg = Release|Any CPU
		{95DB79C7-EA3E-4DF7-B493-6BE9FBD5E5FD}.Release|x86.Build.0 = Release|Any CPU
		{03A1407D-44D7-441E-8833-629400C80550}.Debug|Any CPU.ActiveCfg = Debug|x64
		{03A1407D-44D7-441E-8833-629400C80550}.Debug|Any CPU.Build.0 = Debug|x64
		{03A1407D-44D7-441E-8833-629400C80550}.Debug|x64.ActiveCfg = Debug|x64
		{03A1407D-44D7-441E-8833-629400C80550}.Debug|x64.Build.0 = Debug|x64
		{03A1407D-44D7-441E-8833-629400C80550}.Debug|x86.ActiveCfg = Debug|Win32
		{03A1407D-44D7-441E-8833-629400C80550}.Debug|x86.Build.0 = Debug|Win32
		{03A1407D-44D7-441E-8833-629400C80550}.Release|Any CPU.ActiveCfg = Release|x64
		{03A1407D-44D7-441E-8833-629400C80550}.Release|Any CPU.Build.0 = Release|x64
		{03A1407D-44D7-441E-8833-629400C80550}.Release|x64.ActiveCfg = Release|x64
		{03A1407D-44D7-441E-8833-629400C80550}.Release|x64.Build.0 = Release|x64
		{03A1407D-44D7-441E-8833-629400C80550}.Release|x86.ActiveCfg = Release|Win32
		{03A1407D-44D7-441E-8833-629400C80550}.Release|x86.Build.0 = Release|Win32
		{A3D2F8F0-BB53-42A4-B0F0-A7D7B6E7C70C}.Debug|Any CPU.ActiveCfg = Debug|Any CPU
		{A3D2F8F0-BB53-42A4-B0F0-A7D7B6E7C70C}.Debug|Any CPU.Build.0 = Debug|Any CPU
		{A3D2F8F0-BB53-42A4-B0F0-A7D7B6E7C70C}.Debug|x64.ActiveCfg = Debug|Any CPU
		{A3D2F8F0-BB53-42A4-B0F0-A7D7B6E7C70C}.Debug|x64.Build.0 = Debug|Any CPU
		{A3D2F8F0-BB53-42A4-B0F0-A7D7B6E7C70C}.Debug|x86.ActiveCfg = Debug|Any CPU
		{A3D2F8F0-BB53-42A4-B0F0-A7D7B6E7C70C}.Debug|x86.Build.0 = Debug|Any CPU
		{A3D2F8F0-BB53-42A4-B0F0-A7D7B6E7C70C}.Release|Any CPU.ActiveCfg = Release|Any CPU
		{A3D2F8F0-BB53-42A4-B0F0-A7D7B6E7C70C}.Release|Any CPU.Build.0 = Release|Any CPU
		{A3D2F8F0-BB53-42A4-B0F0-A7D7B6E7C70C}.Release|x64.ActiveCfg = Release|Any CPU
		{A3D2F8F0-BB53-42A4-B0F0-A7D7B6E7C70C}.Release|x64.Build.0 = Release|Any CPU
		{A3D2F8F0-BB53-42A4-B0F0-A7D7B6E7C70C}.Release|x86.ActiveCfg = Release|Any CPU
		{A3D2F8F0-BB53-42A4-B0F0-A7D7B6E7C70C}.Release|x86.Build.0 = Release|Any CPU
		{0D85C8D7-B32A-49E8-AB5E-774FFB4D84FA}.Debug|Any CPU.ActiveCfg = Debug|Any CPU
		{0D85C8D7-B32A-49E8-AB5E-774FFB4D84FA}.Debug|Any CPU.Build.0 = Debug|Any CPU
		{0D85C8D7-B32A-49E8-AB5E-774FFB4D84FA}.Debug|x64.ActiveCfg = Debug|Any CPU
		{0D85C8D7-B32A-49E8-AB5E-774FFB4D84FA}.Debug|x64.Build.0 = Debug|Any CPU
		{0D85C8D7-B32A-49E8-AB5E-774FFB4D84FA}.Debug|x86.ActiveCfg = Debug|Any CPU
		{0D85C8D7-B32A-49E8-AB5E-774FFB4D84FA}.Debug|x86.Build.0 = Debug|Any CPU
		{0D85C8D7-B32A-49E8-AB5E-774FFB4D84FA}.Release|Any CPU.ActiveCfg = Release|Any CPU
		{0D85C8D7-B32A-49E8-AB5E-774FFB4D84FA}.Release|Any CPU.Build.0 = Release|Any CPU
		{0D85C8D7-B32A-49E8-AB5E-774FFB4D84FA}.Release|x64.ActiveCfg = Release|Any CPU
		{0D85C8D7-B32A-49E8-AB5E-774FFB4D84FA}.Release|x64.Build.0 = Release|Any CPU
		{0D85C8D7-B32A-49E8-AB5E-774FFB4D84FA}.Release|x86.ActiveCfg = Release|Any CPU
		{0D85C8D7-B32A-49E8-AB5E-774FFB4D84FA}.Release|x86.Build.0 = Release|Any CPU
		{41C9E668-3E82-4271-A74E-2C42099F4FC5}.Debug|Any CPU.ActiveCfg = Debug|x64
		{41C9E668-3E82-4271-A74E-2C42099F4FC5}.Debug|Any CPU.Build.0 = Debug|x64
		{41C9E668-3E82-4271-A74E-2C42099F4FC5}.Debug|x64.ActiveCfg = Debug|x64
		{41C9E668-3E82-4271-A74E-2C42099F4FC5}.Debug|x64.Build.0 = Debug|x64
		{41C9E668-3E82-4271-A74E-2C42099F4FC5}.Debug|x86.ActiveCfg = Debug|Win32
		{41C9E668-3E82-4271-A74E-2C42099F4FC5}.Debug|x86.Build.0 = Debug|Win32
		{41C9E668-3E82-4271-A74E-2C42099F4FC5}.Release|Any CPU.ActiveCfg = Release|x64
		{41C9E668-3E82-4271-A74E-2C42099F4FC5}.Release|Any CPU.Build.0 = Release|x64
		{41C9E668-3E82-4271-A74E-2C42099F4FC5}.Release|x64.ActiveCfg = Release|x64
		{41C9E668-3E82-4271-A74E-2C42099F4FC5}.Release|x64.Build.0 = Release|x64
		{41C9E668-3E82-4271-A74E-2C42099F4FC5}.Release|x86.ActiveCfg = Release|Win32
		{41C9E668-3E82-4271-A74E-2C42099F4FC5}.Release|x86.Build.0 = Release|Win32
		{9085078A-A5A0-4641-9209-C299FDCD1353}.Debug|Any CPU.ActiveCfg = Debug|x64
		{9085078A-A5A0-4641-9209-C299FDCD1353}.Debug|Any CPU.Build.0 = Debug|x64
		{9085078A-A5A0-4641-9209-C299FDCD1353}.Debug|x64.ActiveCfg = Debug|x64
		{9085078A-A5A0-4641-9209-C299FDCD1353}.Debug|x64.Build.0 = Debug|x64
		{9085078A-A5A0-4641-9209-C299FDCD1353}.Debug|x86.ActiveCfg = Debug|Win32
		{9085078A-A5A0-4641-9209-C299FDCD1353}.Debug|x86.Build.0 = Debug|Win32
		{9085078A-A5A0-4641-9209-C299FDCD1353}.Release|Any CPU.ActiveCfg = Release|x64
		{9085078A-A5A0-4641-9209-C299FDCD1353}.Release|Any CPU.Build.0 = Release|x64
		{9085078A-A5A0-4641-9209-C299FDCD1353}.Release|x64.ActiveCfg = Release|x64
		{9085078A-A5A0-4641-9209-C299FDCD1353}.Release|x64.Build.0 = Release|x64
		{9085078A-A5A0-4641-9209-C299FDCD1353}.Release|x86.ActiveCfg = Release|Win32
		{9085078A-A5A0-4641-9209-C299FDCD1353}.Release|x86.Build.0 = Release|Win32
		{EAB2A378-A6B1-4205-810D-8659EBF7F6C6}.Debug|Any CPU.ActiveCfg = Debug|Any CPU
		{EAB2A378-A6B1-4205-810D-8659EBF7F6C6}.Debug|Any CPU.Build.0 = Debug|Any CPU
		{EAB2A378-A6B1-4205-810D-8659EBF7F6C6}.Debug|x64.ActiveCfg = Debug|Any CPU
		{EAB2A378-A6B1-4205-810D-8659EBF7F6C6}.Debug|x64.Build.0 = Debug|Any CPU
		{EAB2A378-A6B1-4205-810D-8659EBF7F6C6}.Debug|x86.ActiveCfg = Debug|Any CPU
		{EAB2A378-A6B1-4205-810D-8659EBF7F6C6}.Debug|x86.Build.0 = Debug|Any CPU
		{EAB2A378-A6B1-4205-810D-8659EBF7F6C6}.Release|Any CPU.ActiveCfg = Release|Any CPU
		{EAB2A378-A6B1-4205-810D-8659EBF7F6C6}.Release|Any CPU.Build.0 = Release|Any CPU
		{EAB2A378-A6B1-4205-810D-8659EBF7F6C6}.Release|x64.ActiveCfg = Release|Any CPU
		{EAB2A378-A6B1-4205-810D-8659EBF7F6C6}.Release|x64.Build.0 = Release|Any CPU
		{EAB2A378-A6B1-4205-810D-8659EBF7F6C6}.Release|x86.ActiveCfg = Release|Any CPU
		{EAB2A378-A6B1-4205-810D-8659EBF7F6C6}.Release|x86.Build.0 = Release|Any CPU
		{E29E39C1-B88C-42F3-BAE0-3B145AA84C5F}.Debug|Any CPU.ActiveCfg = Debug|x64
		{E29E39C1-B88C-42F3-BAE0-3B145AA84C5F}.Debug|Any CPU.Build.0 = Debug|x64
		{E29E39C1-B88C-42F3-BAE0-3B145AA84C5F}.Debug|x64.ActiveCfg = Debug|x64
		{E29E39C1-B88C-42F3-BAE0-3B145AA84C5F}.Debug|x64.Build.0 = Debug|x64
		{E29E39C1-B88C-42F3-BAE0-3B145AA84C5F}.Debug|x86.ActiveCfg = Debug|Win32
		{E29E39C1-B88C-42F3-BAE0-3B145AA84C5F}.Debug|x86.Build.0 = Debug|Win32
		{E29E39C1-B88C-42F3-BAE0-3B145AA84C5F}.Release|Any CPU.ActiveCfg = Release|x64
		{E29E39C1-B88C-42F3-BAE0-3B145AA84C5F}.Release|Any CPU.Build.0 = Release|x64
		{E29E39C1-B88C-42F3-BAE0-3B145AA84C5F}.Release|x64.ActiveCfg = Release|x64
		{E29E39C1-B88C-42F3-BAE0-3B145AA84C5F}.Release|x64.Build.0 = Release|x64
		{E29E39C1-B88C-42F3-BAE0-3B145AA84C5F}.Release|x86.ActiveCfg = Release|Win32
		{E29E39C1-B88C-42F3-BAE0-3B145AA84C5F}.Release|x86.Build.0 = Release|Win32
		{5DF575AA-DBBB-450C-891D-001EA896FDD9}.Debug|Any CPU.ActiveCfg = Debug|x64
		{5DF575AA-DBBB-450C-891D-001EA896FDD9}.Debug|Any CPU.Build.0 = Debug|x64
		{5DF575AA-DBBB-450C-891D-001EA896FDD9}.Debug|x64.ActiveCfg = Debug|x64
		{5DF575AA-DBBB-450C-891D-001EA896FDD9}.Debug|x64.Build.0 = Debug|x64
		{5DF575AA-DBBB-450C-891D-001EA896FDD9}.Debug|x86.ActiveCfg = Debug|Win32
		{5DF575AA-DBBB-450C-891D-001EA896FDD9}.Debug|x86.Build.0 = Debug|Win32
		{5DF575AA-DBBB-450C-891D-001EA896FDD9}.Release|Any CPU.ActiveCfg = Release|x64
		{5DF575AA-DBBB-450C-891D-001EA896FDD9}.Release|Any CPU.Build.0 = Release|x64
		{5DF575AA-DBBB-450C-891D-001EA896FDD9}.Release|x64.ActiveCfg = Release|x64
		{5DF575AA-DBBB-450C-891D-001EA896FDD9}.Release|x64.Build.0 = Release|x64
		{5DF575AA-DBBB-450C-891D-001EA896FDD9}.Release|x86.ActiveCfg = Release|Win32
		{5DF575AA-DBBB-450C-891D-001EA896FDD9}.Release|x86.Build.0 = Release|Win32
		{B955510E-74E5-4DB4-9BAC-1CD7D0CBA90F}.Debug|Any CPU.ActiveCfg = Debug|x64
		{B955510E-74E5-4DB4-9BAC-1CD7D0CBA90F}.Debug|Any CPU.Build.0 = Debug|x64
		{B955510E-74E5-4DB4-9BAC-1CD7D0CBA90F}.Debug|x64.ActiveCfg = Debug|x64
		{B955510E-74E5-4DB4-9BAC-1CD7D0CBA90F}.Debug|x64.Build.0 = Debug|x64
		{B955510E-74E5-4DB4-9BAC-1CD7D0CBA90F}.Debug|x86.ActiveCfg = Debug|Win32
		{B955510E-74E5-4DB4-9BAC-1CD7D0CBA90F}.Debug|x86.Build.0 = Debug|Win32
		{B955510E-74E5-4DB4-9BAC-1CD7D0CBA90F}.Release|Any CPU.ActiveCfg = Release|x64
		{B955510E-74E5-4DB4-9BAC-1CD7D0CBA90F}.Release|Any CPU.Build.0 = Release|x64
		{B955510E-74E5-4DB4-9BAC-1CD7D0CBA90F}.Release|x64.ActiveCfg = Release|x64
		{B955510E-74E5-4DB4-9BAC-1CD7D0CBA90F}.Release|x64.Build.0 = Release|x64
		{B955510E-74E5-4DB4-9BAC-1CD7D0CBA90F}.Release|x86.ActiveCfg = Release|Win32
		{B955510E-74E5-4DB4-9BAC-1CD7D0CBA90F}.Release|x86.Build.0 = Release|Win32
		{D084CAAB-F29C-4EEA-A290-53A6325A5F5E}.Debug|Any CPU.ActiveCfg = Debug|Any CPU
		{D084CAAB-F29C-4EEA-A290-53A6325A5F5E}.Debug|Any CPU.Build.0 = Debug|Any CPU
		{D084CAAB-F29C-4EEA-A290-53A6325A5F5E}.Debug|x64.ActiveCfg = Debug|Any CPU
		{D084CAAB-F29C-4EEA-A290-53A6325A5F5E}.Debug|x64.Build.0 = Debug|Any CPU
		{D084CAAB-F29C-4EEA-A290-53A6325A5F5E}.Debug|x86.ActiveCfg = Debug|Any CPU
		{D084CAAB-F29C-4EEA-A290-53A6325A5F5E}.Debug|x86.Build.0 = Debug|Any CPU
		{D084CAAB-F29C-4EEA-A290-53A6325A5F5E}.Release|Any CPU.ActiveCfg = Release|Any CPU
		{D084CAAB-F29C-4EEA-A290-53A6325A5F5E}.Release|Any CPU.Build.0 = Release|Any CPU
		{D084CAAB-F29C-4EEA-A290-53A6325A5F5E}.Release|x64.ActiveCfg = Release|Any CPU
		{D084CAAB-F29C-4EEA-A290-53A6325A5F5E}.Release|x64.Build.0 = Release|Any CPU
		{D084CAAB-F29C-4EEA-A290-53A6325A5F5E}.Release|x86.ActiveCfg = Release|Any CPU
		{D084CAAB-F29C-4EEA-A290-53A6325A5F5E}.Release|x86.Build.0 = Release|Any CPU
		{AC7E15B6-F84B-49FA-9025-4F4251140822}.Debug|Any CPU.ActiveCfg = Debug|x64
		{AC7E15B6-F84B-49FA-9025-4F4251140822}.Debug|Any CPU.Build.0 = Debug|x64
		{AC7E15B6-F84B-49FA-9025-4F4251140822}.Debug|x64.ActiveCfg = Debug|x64
		{AC7E15B6-F84B-49FA-9025-4F4251140822}.Debug|x64.Build.0 = Debug|x64
		{AC7E15B6-F84B-49FA-9025-4F4251140822}.Debug|x86.ActiveCfg = Debug|Win32
		{AC7E15B6-F84B-49FA-9025-4F4251140822}.Debug|x86.Build.0 = Debug|Win32
		{AC7E15B6-F84B-49FA-9025-4F4251140822}.Release|Any CPU.ActiveCfg = Release|x64
		{AC7E15B6-F84B-49FA-9025-4F4251140822}.Release|Any CPU.Build.0 = Release|x64
		{AC7E15B6-F84B-49FA-9025-4F4251140822}.Release|x64.ActiveCfg = Release|x64
		{AC7E15B6-F84B-49FA-9025-4F4251140822}.Release|x64.Build.0 = Release|x64
		{AC7E15B6-F84B-49FA-9025-4F4251140822}.Release|x86.ActiveCfg = Release|Win32
		{AC7E15B6-F84B-49FA-9025-4F4251140822}.Release|x86.Build.0 = Release|Win32
		{6C14239A-A572-4A8B-9913-1FF135FBA5F7}.Debug|Any CPU.ActiveCfg = Debug|Any CPU
		{6C14239A-A572-4A8B-9913-1FF135FBA5F7}.Debug|Any CPU.Build.0 = Debug|Any CPU
		{6C14239A-A572-4A8B-9913-1FF135FBA5F7}.Debug|x64.ActiveCfg = Debug|Any CPU
		{6C14239A-A572-4A8B-9913-1FF135FBA5F7}.Debug|x64.Build.0 = Debug|Any CPU
		{6C14239A-A572-4A8B-9913-1FF135FBA5F7}.Debug|x86.ActiveCfg = Debug|Any CPU
		{6C14239A-A572-4A8B-9913-1FF135FBA5F7}.Debug|x86.Build.0 = Debug|Any CPU
		{6C14239A-A572-4A8B-9913-1FF135FBA5F7}.Release|Any CPU.ActiveCfg = Release|Any CPU
		{6C14239A-A572-4A8B-9913-1FF135FBA5F7}.Release|Any CPU.Build.0 = Release|Any CPU
		{6C14239A-A572-4A8B-9913-1FF135FBA5F7}.Release|x64.ActiveCfg = Release|Any CPU
		{6C14239A-A572-4A8B-9913-1FF135FBA5F7}.Release|x64.Build.0 = Release|Any CPU
		{6C14239A-A572-4A8B-9913-1FF135FBA5F7}.Release|x86.ActiveCfg = Release|Any CPU
		{6C14239A-A572-4A8B-9913-1FF135FBA5F7}.Release|x86.Build.0 = Release|Any CPU
		{4557A5D6-6384-41CC-A10F-EBCF716A2FC1}.Debug|Any CPU.ActiveCfg = Debug|Any CPU
		{4557A5D6-6384-41CC-A10F-EBCF716A2FC1}.Debug|Any CPU.Build.0 = Debug|Any CPU
		{4557A5D6-6384-41CC-A10F-EBCF716A2FC1}.Debug|x64.ActiveCfg = Debug|Any CPU
		{4557A5D6-6384-41CC-A10F-EBCF716A2FC1}.Debug|x64.Build.0 = Debug|Any CPU
		{4557A5D6-6384-41CC-A10F-EBCF716A2FC1}.Debug|x86.ActiveCfg = Debug|Any CPU
		{4557A5D6-6384-41CC-A10F-EBCF716A2FC1}.Debug|x86.Build.0 = Debug|Any CPU
		{4557A5D6-6384-41CC-A10F-EBCF716A2FC1}.Release|Any CPU.ActiveCfg = Release|Any CPU
		{4557A5D6-6384-41CC-A10F-EBCF716A2FC1}.Release|Any CPU.Build.0 = Release|Any CPU
		{4557A5D6-6384-41CC-A10F-EBCF716A2FC1}.Release|x64.ActiveCfg = Release|Any CPU
		{4557A5D6-6384-41CC-A10F-EBCF716A2FC1}.Release|x64.Build.0 = Release|Any CPU
		{4557A5D6-6384-41CC-A10F-EBCF716A2FC1}.Release|x86.ActiveCfg = Release|Any CPU
		{4557A5D6-6384-41CC-A10F-EBCF716A2FC1}.Release|x86.Build.0 = Release|Any CPU
		{03750196-B6F6-4AD8-B8A9-DC8EEEC66A16}.Debug|Any CPU.ActiveCfg = Debug|Any CPU
		{03750196-B6F6-4AD8-B8A9-DC8EEEC66A16}.Debug|x64.ActiveCfg = Debug|Any CPU
		{03750196-B6F6-4AD8-B8A9-DC8EEEC66A16}.Debug|x86.ActiveCfg = Debug|Any CPU
		{03750196-B6F6-4AD8-B8A9-DC8EEEC66A16}.Release|Any CPU.ActiveCfg = Release|Any CPU
		{03750196-B6F6-4AD8-B8A9-DC8EEEC66A16}.Release|x64.ActiveCfg = Release|Any CPU
		{03750196-B6F6-4AD8-B8A9-DC8EEEC66A16}.Release|x86.ActiveCfg = Release|Any CPU
		{D707A8C4-688D-44BA-ADB9-4FD6A69039F3}.Debug|Any CPU.ActiveCfg = Debug|x64
		{D707A8C4-688D-44BA-ADB9-4FD6A69039F3}.Debug|Any CPU.Build.0 = Debug|x64
		{D707A8C4-688D-44BA-ADB9-4FD6A69039F3}.Debug|x64.ActiveCfg = Debug|x64
		{D707A8C4-688D-44BA-ADB9-4FD6A69039F3}.Debug|x64.Build.0 = Debug|x64
		{D707A8C4-688D-44BA-ADB9-4FD6A69039F3}.Debug|x86.ActiveCfg = Debug|Win32
		{D707A8C4-688D-44BA-ADB9-4FD6A69039F3}.Debug|x86.Build.0 = Debug|Win32
		{D707A8C4-688D-44BA-ADB9-4FD6A69039F3}.Release|Any CPU.ActiveCfg = Release|x64
		{D707A8C4-688D-44BA-ADB9-4FD6A69039F3}.Release|Any CPU.Build.0 = Release|x64
		{D707A8C4-688D-44BA-ADB9-4FD6A69039F3}.Release|x64.ActiveCfg = Release|x64
		{D707A8C4-688D-44BA-ADB9-4FD6A69039F3}.Release|x64.Build.0 = Release|x64
		{D707A8C4-688D-44BA-ADB9-4FD6A69039F3}.Release|x86.ActiveCfg = Release|Win32
		{D707A8C4-688D-44BA-ADB9-4FD6A69039F3}.Release|x86.Build.0 = Release|Win32
		{EB4C7281-A53A-4DBC-A547-729B518E52CA}.Debug|Any CPU.ActiveCfg = Debug|Any CPU
		{EB4C7281-A53A-4DBC-A547-729B518E52CA}.Debug|x64.ActiveCfg = Debug|Any CPU
		{EB4C7281-A53A-4DBC-A547-729B518E52CA}.Debug|x86.ActiveCfg = Debug|Any CPU
		{EB4C7281-A53A-4DBC-A547-729B518E52CA}.Release|Any CPU.ActiveCfg = Release|Any CPU
		{EB4C7281-A53A-4DBC-A547-729B518E52CA}.Release|x64.ActiveCfg = Release|Any CPU
		{EB4C7281-A53A-4DBC-A547-729B518E52CA}.Release|x86.ActiveCfg = Release|Any CPU
	EndGlobalSection
	GlobalSection(SolutionProperties) = preSolution
		HideSolutionNode = FALSE
	EndGlobalSection
	GlobalSection(ExtensibilityGlobals) = postSolution
		SolutionGuid = {814EDAD6-A082-46ED-9C23-5F1E7277A742}
	EndGlobalSection
EndGlobal
